
Microsoft Visual Studio Solution File, Format Version 12.00
# Visual Studio Version 17
VisualStudioVersion = 17.8.34322.80
MinimumVisualStudioVersion = 10.0.40219.1
Project("{9A19103F-16F7-4668-BE54-9A1E7A4F7556}") = "PowerplantCodingChallenge.Api", "PowerplantCodingChallenge.Api\PowerplantCodingChallenge.Api.csproj", "{AE05E523-C427-4BAC-AAB0-44674A1C6C5D}"
EndProject
Global
	GlobalSection(SolutionConfigurationPlatforms) = preSolution
		Debug|Any CPU = Debug|Any CPU
		Release|Any CPU = Release|Any CPU
	EndGlobalSection
	GlobalSection(ProjectConfigurationPlatforms) = postSolution
		{AE05E523-C427-4BAC-AAB0-44674A1C6C5D}.Debug|Any CPU.ActiveCfg = Debug|Any CPU
		{AE05E523-C427-4BAC-AAB0-44674A1C6C5D}.Debug|Any CPU.Build.0 = Debug|Any CPU
		{AE05E523-C427-4BAC-AAB0-44674A1C6C5D}.Release|Any CPU.ActiveCfg = Release|Any CPU
		{AE05E523-C427-4BAC-AAB0-44674A1C6C5D}.Release|Any CPU.Build.0 = Release|Any CPU
	EndGlobalSection
	GlobalSection(SolutionProperties) = preSolution
		HideSolutionNode = FALSE
	EndGlobalSection
	GlobalSection(ExtensibilityGlobals) = postSolution
		SolutionGuid = {AFB36A39-2E7A-4C3D-BEBB-635EBC577CD2}
	EndGlobalSection
EndGlobal
